// !$*UTF8*$!
{
	archiveVersion = 1;
	classes = {
	};
	objectVersion = 56;
	objects = {

/* Begin PBXBuildFile section */
		F4D19B822900ADB70012471A /* BreakingBadCharactersApp.swift in Sources */ = {isa = PBXBuildFile; fileRef = F4D19B812900ADB70012471A /* BreakingBadCharactersApp.swift */; };
		F4D19B842900ADB70012471A /* BreakingBadView.swift in Sources */ = {isa = PBXBuildFile; fileRef = F4D19B832900ADB70012471A /* BreakingBadView.swift */; };
		F4D19B862900ADB90012471A /* Assets.xcassets in Resources */ = {isa = PBXBuildFile; fileRef = F4D19B852900ADB90012471A /* Assets.xcassets */; };
		F4D19B892900ADB90012471A /* Preview Assets.xcassets in Resources */ = {isa = PBXBuildFile; fileRef = F4D19B882900ADB90012471A /* Preview Assets.xcassets */; };
		F4D19B932900AE8E0012471A /* BreakingBadManager.swift in Sources */ = {isa = PBXBuildFile; fileRef = F4D19B922900AE8E0012471A /* BreakingBadManager.swift */; };
		F4D19B952900AED00012471A /* CharacterModel.swift in Sources */ = {isa = PBXBuildFile; fileRef = F4D19B942900AED00012471A /* CharacterModel.swift */; };
		F4D19B972900B91A0012471A /* BreakingBadViewModel.swift in Sources */ = {isa = PBXBuildFile; fileRef = F4D19B962900B91A0012471A /* BreakingBadViewModel.swift */; };
/* End PBXBuildFile section */

/* Begin PBXFileReference section */
		F4D19B7E2900ADB70012471A /* BreakingBadCharacters.app */ = {isa = PBXFileReference; explicitFileType = wrapper.application; includeInIndex = 0; path = BreakingBadCharacters.app; sourceTree = BUILT_PRODUCTS_DIR; };
		F4D19B812900ADB70012471A /* BreakingBadCharactersApp.swift */ = {isa = PBXFileReference; lastKnownFileType = sourcecode.swift; path = BreakingBadCharactersApp.swift; sourceTree = "<group>"; };
		F4D19B832900ADB70012471A /* BreakingBadView.swift */ = {isa = PBXFileReference; lastKnownFileType = sourcecode.swift; path = BreakingBadView.swift; sourceTree = "<group>"; };
		F4D19B852900ADB90012471A /* Assets.xcassets */ = {isa = PBXFileReference; lastKnownFileType = folder.assetcatalog; path = Assets.xcassets; sourceTree = "<group>"; };
		F4D19B882900ADB90012471A /* Preview Assets.xcassets */ = {isa = PBXFileReference; lastKnownFileType = folder.assetcatalog; path = "Preview Assets.xcassets"; sourceTree = "<group>"; };
		F4D19B922900AE8E0012471A /* BreakingBadManager.swift */ = {isa = PBXFileReference; lastKnownFileType = sourcecode.swift; path = BreakingBadManager.swift; sourceTree = "<group>"; };
		F4D19B942900AED00012471A /* CharacterModel.swift */ = {isa = PBXFileReference; lastKnownFileType = sourcecode.swift; path = CharacterModel.swift; sourceTree = "<group>"; };
		F4D19B962900B91A0012471A /* BreakingBadViewModel.swift */ = {isa = PBXFileReference; lastKnownFileType = sourcecode.swift; path = BreakingBadViewModel.swift; sourceTree = "<group>"; };
/* End PBXFileReference section */

/* Begin PBXFrameworksBuildPhase section */
		F4D19B7B2900ADB70012471A /* Frameworks */ = {
			isa = PBXFrameworksBuildPhase;
			buildActionMask = 2147483647;
			files = (
			);
			runOnlyForDeploymentPostprocessing = 0;
		};
/* End PBXFrameworksBuildPhase section */

/* Begin PBXGroup section */
		F4D19B752900ADB70012471A = {
			isa = PBXGroup;
			children = (
				F4D19B802900ADB70012471A /* BreakingBadCharacters */,
				F4D19B7F2900ADB70012471A /* Products */,
			);
			sourceTree = "<group>";
		};
		F4D19B7F2900ADB70012471A /* Products */ = {
			isa = PBXGroup;
			children = (
				F4D19B7E2900ADB70012471A /* BreakingBadCharacters.app */,
			);
			name = Products;
			sourceTree = "<group>";
		};
		F4D19B802900ADB70012471A /* BreakingBadCharacters */ = {
			isa = PBXGroup;
			children = (
				F4D19B812900ADB70012471A /* BreakingBadCharactersApp.swift */,
				F4D19B912900AE4E0012471A /* Model */,
				F4D19B8F2900AE360012471A /* View */,
				F4D19B902900AE400012471A /* ViewModel */,
				F4D19B852900ADB90012471A /* Assets.xcassets */,
				F4D19B872900ADB90012471A /* Preview Content */,
			);
			path = BreakingBadCharacters;
			sourceTree = "<group>";
		};
		F4D19B872900ADB90012471A /* Preview Content */ = {
			isa = PBXGroup;
			children = (
				F4D19B882900ADB90012471A /* Preview Assets.xcassets */,
			);
			path = "Preview Content";
			sourceTree = "<group>";
		};
		F4D19B8F2900AE360012471A /* View */ = {
			isa = PBXGroup;
			children = (
				F4D19B832900ADB70012471A /* BreakingBadView.swift */,
			);
			path = View;
			sourceTree = "<group>";
		};
		F4D19B902900AE400012471A /* ViewModel */ = {
			isa = PBXGroup;
			children = (
				F4D19B962900B91A0012471A /* BreakingBadViewModel.swift */,
			);
			path = ViewModel;
			sourceTree = "<group>";
		};
		F4D19B912900AE4E0012471A /* Model */ = {
			isa = PBXGroup;
			children = (
				F4D19B922900AE8E0012471A /* BreakingBadManager.swift */,
				F4D19B942900AED00012471A /* CharacterModel.swift */,
			);
			path = Model;
			sourceTree = "<group>";
		};
/* End PBXGroup section */

/* Begin PBXNativeTarget section */
		F4D19B7D2900ADB70012471A /* BreakingBadCharacters */ = {
			isa = PBXNativeTarget;
			buildConfigurationList = F4D19B8C2900ADB90012471A /* Build configuration list for PBXNativeTarget "BreakingBadCharacters" */;
			buildPhases = (
				F4D19B7A2900ADB70012471A /* Sources */,
				F4D19B7B2900ADB70012471A /* Frameworks */,
				F4D19B7C2900ADB70012471A /* Resources */,
			);
			buildRules = (
			);
			dependencies = (
			);
			name = BreakingBadCharacters;
			productName = BreakingBadCharacters;
			productReference = F4D19B7E2900ADB70012471A /* BreakingBadCharacters.app */;
			productType = "com.apple.product-type.application";
		};
/* End PBXNativeTarget section */

/* Begin PBXProject section */
		F4D19B762900ADB70012471A /* Project object */ = {
			isa = PBXProject;
			attributes = {
				BuildIndependentTargetsInParallel = 1;
				LastSwiftUpdateCheck = 1400;
				LastUpgradeCheck = 1400;
				TargetAttributes = {
					F4D19B7D2900ADB70012471A = {
						CreatedOnToolsVersion = 14.0.1;
					};
				};
			};
			buildConfigurationList = F4D19B792900ADB70012471A /* Build configuration list for PBXProject "BreakingBadCharacters" */;
			compatibilityVersion = "Xcode 14.0";
			developmentRegion = en;
			hasScannedForEncodings = 0;
			knownRegions = (
				en,
				Base,
			);
			mainGroup = F4D19B752900ADB70012471A;
			productRefGroup = F4D19B7F2900ADB70012471A /* Products */;
			projectDirPath = "";
			projectRoot = "";
			targets = (
				F4D19B7D2900ADB70012471A /* BreakingBadCharacters */,
			);
		};
/* End PBXProject section */

/* Begin PBXResourcesBuildPhase section */
		F4D19B7C2900ADB70012471A /* Resources */ = {
			isa = PBXResourcesBuildPhase;
			buildActionMask = 2147483647;
			files = (
				F4D19B892900ADB90012471A /* Preview Assets.xcassets in Resources */,
				F4D19B862900ADB90012471A /* Assets.xcassets in Resources */,
			);
			runOnlyForDeploymentPostprocessing = 0;
		};
/* End PBXResourcesBuildPhase section */

/* Begin PBXSourcesBuildPhase section */
		F4D19B7A2900ADB70012471A /* Sources */ = {
			isa = PBXSourcesBuildPhase;
			buildActionMask = 2147483647;
			files = (
				F4D19B972900B91A0012471A /* BreakingBadViewModel.swift in Sources */,
				F4D19B952900AED00012471A /* CharacterModel.swift in Sources */,
				F4D19B842900ADB70012471A /* BreakingBadView.swift in Sources */,
				F4D19B822900ADB70012471A /* BreakingBadCharactersApp.swift in Sources */,
				F4D19B932900AE8E0012471A /* BreakingBadManager.swift in Sources */,
			);
			runOnlyForDeploymentPostprocessing = 0;
		};
/* End PBXSourcesBuildPhase section */

/* Begin XCBuildConfiguration section */
		F4D19B8A2900ADB90012471A /* Debug */ = {
			isa = XCBuildConfiguration;
			buildSettings = {
				ALWAYS_SEARCH_USER_PATHS = NO;
				CLANG_ANALYZER_NONNULL = YES;
				CLANG_ANALYZER_NUMBER_OBJECT_CONVERSION = YES_AGGRESSIVE;
				CLANG_CXX_LANGUAGE_STANDARD = "gnu++20";
				CLANG_ENABLE_MODULES = YES;
				CLANG_ENABLE_OBJC_ARC = YES;
				CLANG_ENABLE_OBJC_WEAK = YES;
				CLANG_WARN_BLOCK_CAPTURE_AUTORELEASING = YES;
				CLANG_WARN_BOOL_CONVERSION = YES;
				CLANG_WARN_COMMA = YES;
				CLANG_WARN_CONSTANT_CONVERSION = YES;
				CLANG_WARN_DEPRECATED_OBJC_IMPLEMENTATIONS = YES;
				CLANG_WARN_DIRECT_OBJC_ISA_USAGE = YES_ERROR;
				CLANG_WARN_DOCUMENTATION_COMMENTS = YES;
				CLANG_WARN_EMPTY_BODY = YES;
				CLANG_WARN_ENUM_CONVERSION = YES;
				CLANG_WARN_INFINITE_RECURSION = YES;
				CLANG_WARN_INT_CONVERSION = YES;
				CLANG_WARN_NON_LITERAL_NULL_CONVERSION = YES;
				CLANG_WARN_OBJC_IMPLICIT_RETAIN_SELF = YES;
				CLANG_WARN_OBJC_LITERAL_CONVERSION = YES;
				CLANG_WARN_OBJC_ROOT_CLASS = YES_ERROR;
				CLANG_WARN_QUOTED_INCLUDE_IN_FRAMEWORK_HEADER = YES;
				CLANG_WARN_RANGE_LOOP_ANALYSIS = YES;
				CLANG_WARN_STRICT_PROTOTYPES = YES;
				CLANG_WARN_SUSPICIOUS_MOVE = YES;
				CLANG_WARN_UNGUARDED_AVAILABILITY = YES_AGGRESSIVE;
				CLANG_WARN_UNREACHABLE_CODE = YES;
				CLANG_WARN__DUPLICATE_METHOD_MATCH = YES;
				COPY_PHASE_STRIP = NO;
				DEBUG_INFORMATION_FORMAT = dwarf;
				ENABLE_STRICT_OBJC_MSGSEND = YES;
				ENABLE_TESTABILITY = YES;
				GCC_C_LANGUAGE_STANDARD = gnu11;
				GCC_DYNAMIC_NO_PIC = NO;
				GCC_NO_COMMON_BLOCKS = YES;
				GCC_OPTIMIZATION_LEVEL = 0;
				GCC_PREPROCESSOR_DEFINITIONS = (
					"DEBUG=1",
					"$(inherited)",
				);
				GCC_WARN_64_TO_32_BIT_CONVERSION = YES;
				GCC_WARN_ABOUT_RETURN_TYPE = YES_ERROR;
				GCC_WARN_UNDECLARED_SELECTOR = YES;
				GCC_WARN_UNINITIALIZED_AUTOS = YES_AGGRESSIVE;
				GCC_WARN_UNUSED_FUNCTION = YES;
				GCC_WARN_UNUSED_VARIABLE = YES;
				IPHONEOS_DEPLOYMENT_TARGET = 16.0;
				MTL_ENABLE_DEBUG_INFO = INCLUDE_SOURCE;
				MTL_FAST_MATH = YES;
				ONLY_ACTIVE_ARCH = YES;
				SDKROOT = iphoneos;
				SWIFT_ACTIVE_COMPILATION_CONDITIONS = DEBUG;
				SWIFT_OPTIMIZATION_LEVEL = "-Onone";
			};
			name = Debug;
		};
		F4D19B8B2900ADB90012471A /* Release */ = {
			isa = XCBuildConfiguration;
			buildSettings = {
				ALWAYS_SEARCH_USER_PATHS = NO;
				CLANG_ANALYZER_NONNULL = YES;
				CLANG_ANALYZER_NUMBER_OBJECT_CONVERSION = YES_AGGRESSIVE;
				CLANG_CXX_LANGUAGE_STANDARD = "gnu++20";
				CLANG_ENABLE_MODULES = YES;
				CLANG_ENABLE_OBJC_ARC = YES;
				CLANG_ENABLE_OBJC_WEAK = YES;
				CLANG_WARN_BLOCK_CAPTURE_AUTORELEASING = YES;
				CLANG_WARN_BOOL_CONVERSION = YES;
				CLANG_WARN_COMMA = YES;
				CLANG_WARN_CONSTANT_CONVERSION = YES;
				CLANG_WARN_DEPRECATED_OBJC_IMPLEMENTATIONS = YES;
				CLANG_WARN_DIRECT_OBJC_ISA_USAGE = YES_ERROR;
				CLANG_WARN_DOCUMENTATION_COMMENTS = YES;
				CLANG_WARN_EMPTY_BODY = YES;
				CLANG_WARN_ENUM_CONVERSION = YES;
				CLANG_WARN_INFINITE_RECURSION = YES;
				CLANG_WARN_INT_CONVERSION = YES;
				CLANG_WARN_NON_LITERAL_NULL_CONVERSION = YES;
				CLANG_WARN_OBJC_IMPLICIT_RETAIN_SELF = YES;
				CLANG_WARN_OBJC_LITERAL_CONVERSION = YES;
				CLANG_WARN_OBJC_ROOT_CLASS = YES_ERROR;
				CLANG_WARN_QUOTED_INCLUDE_IN_FRAMEWORK_HEADER = YES;
				CLANG_WARN_RANGE_LOOP_ANALYSIS = YES;
				CLANG_WARN_STRICT_PROTOTYPES = YES;
				CLANG_WARN_SUSPICIOUS_MOVE = YES;
				CLANG_WARN_UNGUARDED_AVAILABILITY = YES_AGGRESSIVE;
				CLANG_WARN_UNREACHABLE_CODE = YES;
				CLANG_WARN__DUPLICATE_METHOD_MATCH = YES;
				COPY_PHASE_STRIP = NO;
				DEBUG_INFORMATION_FORMAT = "dwarf-with-dsym";
				ENABLE_NS_ASSERTIONS = NO;
				ENABLE_STRICT_OBJC_MSGSEND = YES;
				GCC_C_LANGUAGE_STANDARD = gnu11;
				GCC_NO_COMMON_BLOCKS = YES;
				GCC_WARN_64_TO_32_BIT_CONVERSION = YES;
				GCC_WARN_ABOUT_RETURN_TYPE = YES_ERROR;
				GCC_WARN_UNDECLARED_SELECTOR = YES;
				GCC_WARN_UNINITIALIZED_AUTOS = YES_AGGRESSIVE;
				GCC_WARN_UNUSED_FUNCTION = YES;
				GCC_WARN_UNUSED_VARIABLE = YES;
				IPHONEOS_DEPLOYMENT_TARGET = 16.0;
				MTL_ENABLE_DEBUG_INFO = NO;
				MTL_FAST_MATH = YES;
				SDKROOT = iphoneos;
				SWIFT_COMPILATION_MODE = wholemodule;
				SWIFT_OPTIMIZATION_LEVEL = "-O";
				VALIDATE_PRODUCT = YES;
			};
			name = Release;
		};
		F4D19B8D2900ADB90012471A /* Debug */ = {
			isa = XCBuildConfiguration;
			buildSettings = {
				ASSETCATALOG_COMPILER_APPICON_NAME = AppIcon;
				ASSETCATALOG_COMPILER_GLOBAL_ACCENT_COLOR_NAME = AccentColor;
				CODE_SIGN_STYLE = Automatic;
				CURRENT_PROJECT_VERSION = 1;
				DEVELOPMENT_ASSET_PATHS = "\"BreakingBadCharacters/Preview Content\"";
				DEVELOPMENT_TEAM = 8CD56KSUZ7;
				ENABLE_PREVIEWS = YES;
				GENERATE_INFOPLIST_FILE = YES;
				INFOPLIST_KEY_UIApplicationSceneManifest_Generation = YES;
				INFOPLIST_KEY_UIApplicationSupportsIndirectInputEvents = YES;
				INFOPLIST_KEY_UILaunchScreen_Generation = YES;
				INFOPLIST_KEY_UISupportedInterfaceOrientations_iPad = "UIInterfaceOrientationPortrait UIInterfaceOrientationPortraitUpsideDown UIInterfaceOrientationLandscapeLeft UIInterfaceOrientationLandscapeRight";
				INFOPLIST_KEY_UISupportedInterfaceOrientations_iPhone = "UIInterfaceOrientationPortrait UIInterfaceOrientationLandscapeLeft UIInterfaceOrientationLandscapeRight";
				LD_RUNPATH_SEARCH_PATHS = (
					"$(inherited)",
					"@executable_path/Frameworks",
				);
				MARKETING_VERSION = 1.0;
				PRODUCT_BUNDLE_IDENTIFIER = com.coreye.BreakingBadCharacters;
				PRODUCT_NAME = "$(TARGET_NAME)";
				SWIFT_EMIT_LOC_STRINGS = YES;
				SWIFT_VERSION = 5.0;
				TARGETED_DEVICE_FAMILY = "1,2";
			};
			name = Debug;
		};
		F4D19B8E2900ADB90012471A /* Release */ = {
			isa = XCBuildConfiguration;
			buildSettings = {
				ASSETCATALOG_COMPILER_APPICON_NAME = AppIcon;
				ASSETCATALOG_COMPILER_GLOBAL_ACCENT_COLOR_NAME = AccentColor;
				CODE_SIGN_STYLE = Automatic;
				CURRENT_PROJECT_VERSION = 1;
				DEVELOPMENT_ASSET_PATHS = "\"BreakingBadCharacters/Preview Content\"";
				DEVELOPMENT_TEAM = 8CD56KSUZ7;
				ENABLE_PREVIEWS = YES;
				GENERATE_INFOPLIST_FILE = YES;
				INFOPLIST_KEY_UIApplicationSceneManifest_Generation = YES;
				INFOPLIST_KEY_UIApplicationSupportsIndirectInputEvents = YES;
				INFOPLIST_KEY_UILaunchScreen_Generation = YES;
				INFOPLIST_KEY_UISupportedInterfaceOrientations_iPad = "UIInterfaceOrientationPortrait UIInterfaceOrientationPortraitUpsideDown UIInterfaceOrientationLandscapeLeft UIInterfaceOrientationLandscapeRight";
				INFOPLIST_KEY_UISupportedInterfaceOrientations_iPhone = "UIInterfaceOrientationPortrait UIInterfaceOrientationLandscapeLeft UIInterfaceOrientationLandscapeRight";
				LD_RUNPATH_SEARCH_PATHS = (
					"$(inherited)",
					"@executable_path/Frameworks",
				);
				MARKETING_VERSION = 1.0;
				PRODUCT_BUNDLE_IDENTIFIER = com.coreye.BreakingBadCharacters;
				PRODUCT_NAME = "$(TARGET_NAME)";
				SWIFT_EMIT_LOC_STRINGS = YES;
				SWIFT_VERSION = 5.0;
				TARGETED_DEVICE_FAMILY = "1,2";
			};
			name = Release;
		};
/* End XCBuildConfiguration section */

/* Begin XCConfigurationList section */
		F4D19B792900ADB70012471A /* Build configuration list for PBXProject "BreakingBadCharacters" */ = {
			isa = XCConfigurationList;
			buildConfigurations = (
				F4D19B8A2900ADB90012471A /* Debug */,
				F4D19B8B2900ADB90012471A /* Release */,
			);
			defaultConfigurationIsVisible = 0;
			defaultConfigurationName = Release;
		};
		F4D19B8C2900ADB90012471A /* Build configuration list for PBXNativeTarget "BreakingBadCharacters" */ = {
			isa = XCConfigurationList;
			buildConfigurations = (
				F4D19B8D2900ADB90012471A /* Debug */,
				F4D19B8E2900ADB90012471A /* Release */,
			);
			defaultConfigurationIsVisible = 0;
			defaultConfigurationName = Release;
		};
/* End XCConfigurationList section */
	};
	rootObject = F4D19B762900ADB70012471A /* Project object */;
}
